
Microsoft Visual Studio Solution File, Format Version 12.00
# Visual Studio Version 16
VisualStudioVersion = 16.0.31313.79
MinimumVisualStudioVersion = 10.0.40219.1
Project("{FAE04EC0-301F-11D3-BF4B-00C04F79EFBC}") = "ABCD", "ABCD.csproj", "{F225C22A-FEA4-445A-A9E0-874EAB8DFC71}"
EndProject
Global
	GlobalSection(SolutionConfigurationPlatforms) = preSolution
		Debug|Any CPU = Debug|Any CPU
		Release|Any CPU = Release|Any CPU
	EndGlobalSection
	GlobalSection(ProjectConfigurationPlatforms) = postSolution
		{F225C22A-FEA4-445A-A9E0-874EAB8DFC71}.Debug|Any CPU.ActiveCfg = Debug|Any CPU
		{F225C22A-FEA4-445A-A9E0-874EAB8DFC71}.Debug|Any CPU.Build.0 = Debug|Any CPU
		{F225C22A-FEA4-445A-A9E0-874EAB8DFC71}.Release|Any CPU.ActiveCfg = Release|Any CPU
		{F225C22A-FEA4-445A-A9E0-874EAB8DFC71}.Release|Any CPU.Build.0 = Release|Any CPU
	EndGlobalSection
	GlobalSection(SolutionProperties) = preSolution
		HideSolutionNode = FALSE
	EndGlobalSection
	GlobalSection(ExtensibilityGlobals) = postSolution
		SolutionGuid = {27D35551-3328-40DA-99F8-5C62D3E8DC42}
	EndGlobalSection
EndGlobal
